// !$*UTF8*$!
{
	archiveVersion = 1;
	classes = {
	};
	objectVersion = 55;
	objects = {

/* Begin PBXBuildFile section */
		BBBCFA7528CF1BAD00459CAE /* netflix_cloneTests.swift in Sources */ = {isa = PBXBuildFile; fileRef = BBBCFA7428CF1BAD00459CAE /* netflix_cloneTests.swift */; };
		F10497C9285AF4AB00E7EDB5 /* netflix_cloneApp.swift in Sources */ = {isa = PBXBuildFile; fileRef = F10497B9285AF4A900E7EDB5 /* netflix_cloneApp.swift */; };
		F10497CA285AF4AB00E7EDB5 /* netflix_cloneApp.swift in Sources */ = {isa = PBXBuildFile; fileRef = F10497B9285AF4A900E7EDB5 /* netflix_cloneApp.swift */; };
		F10497CB285AF4AB00E7EDB5 /* ContentView.swift in Sources */ = {isa = PBXBuildFile; fileRef = F10497BA285AF4A900E7EDB5 /* ContentView.swift */; };
		F10497CC285AF4AB00E7EDB5 /* ContentView.swift in Sources */ = {isa = PBXBuildFile; fileRef = F10497BA285AF4A900E7EDB5 /* ContentView.swift */; };
		F10497CD285AF4AB00E7EDB5 /* Assets.xcassets in Resources */ = {isa = PBXBuildFile; fileRef = F10497BB285AF4AB00E7EDB5 /* Assets.xcassets */; };
		F10497CE285AF4AB00E7EDB5 /* Assets.xcassets in Resources */ = {isa = PBXBuildFile; fileRef = F10497BB285AF4AB00E7EDB5 /* Assets.xcassets */; };
		F10497D9285B0CD400E7EDB5 /* HomeView.swift in Sources */ = {isa = PBXBuildFile; fileRef = F10497D8285B0CD400E7EDB5 /* HomeView.swift */; };
		F10497DC285B0DE400E7EDB5 /* Kingfisher in Frameworks */ = {isa = PBXBuildFile; productRef = F10497DB285B0DE400E7EDB5 /* Kingfisher */; };
		F10497DE285B194900E7EDB5 /* Movie.swift in Sources */ = {isa = PBXBuildFile; fileRef = F10497DD285B194900E7EDB5 /* Movie.swift */; };
		F10497E0285B1A3F00E7EDB5 /* StandardHomeView.swift in Sources */ = {isa = PBXBuildFile; fileRef = F10497DF285B1A3F00E7EDB5 /* StandardHomeView.swift */; };
		F10497E2285B1B2700E7EDB5 /* GlobalHelpers.swift in Sources */ = {isa = PBXBuildFile; fileRef = F10497E1285B1B2700E7EDB5 /* GlobalHelpers.swift */; };
		F10497E5285C53B900E7EDB5 /* HomeViewModel.swift in Sources */ = {isa = PBXBuildFile; fileRef = F10497E4285C53B900E7EDB5 /* HomeViewModel.swift */; };
		F10497E7285C69D000E7EDB5 /* TopMoviePreview.swift in Sources */ = {isa = PBXBuildFile; fileRef = F10497E6285C69D000E7EDB5 /* TopMoviePreview.swift */; };
		F1D54A08285DCA3A00A84C84 /* SmallVerticalButton.swift in Sources */ = {isa = PBXBuildFile; fileRef = F1D54A07285DCA3A00A84C84 /* SmallVerticalButton.swift */; };
/* End PBXBuildFile section */

/* Begin PBXContainerItemProxy section */
		BBBCFA7628CF1BAD00459CAE /* PBXContainerItemProxy */ = {
			isa = PBXContainerItemProxy;
			containerPortal = F10497B4285AF4A900E7EDB5 /* Project object */;
			proxyType = 1;
			remoteGlobalIDString = F10497BF285AF4AB00E7EDB5;
			remoteInfo = "netflix-clone (iOS)";
		};
/* End PBXContainerItemProxy section */

/* Begin PBXFileReference section */
		BBBCFA7228CF1BAD00459CAE /* netflix-cloneTests.xctest */ = {isa = PBXFileReference; explicitFileType = wrapper.cfbundle; includeInIndex = 0; path = "netflix-cloneTests.xctest"; sourceTree = BUILT_PRODUCTS_DIR; };
		BBBCFA7428CF1BAD00459CAE /* netflix_cloneTests.swift */ = {isa = PBXFileReference; lastKnownFileType = sourcecode.swift; path = netflix_cloneTests.swift; sourceTree = "<group>"; };
		F10497B9285AF4A900E7EDB5 /* netflix_cloneApp.swift */ = {isa = PBXFileReference; lastKnownFileType = sourcecode.swift; path = netflix_cloneApp.swift; sourceTree = "<group>"; };
		F10497BA285AF4A900E7EDB5 /* ContentView.swift */ = {isa = PBXFileReference; lastKnownFileType = sourcecode.swift; path = ContentView.swift; sourceTree = "<group>"; };
		F10497BB285AF4AB00E7EDB5 /* Assets.xcassets */ = {isa = PBXFileReference; lastKnownFileType = folder.assetcatalog; path = Assets.xcassets; sourceTree = "<group>"; };
		F10497C0285AF4AB00E7EDB5 /* netflix-clone.app */ = {isa = PBXFileReference; explicitFileType = wrapper.application; includeInIndex = 0; path = "netflix-clone.app"; sourceTree = BUILT_PRODUCTS_DIR; };
		F10497C6285AF4AB00E7EDB5 /* netflix-clone.app */ = {isa = PBXFileReference; explicitFileType = wrapper.application; includeInIndex = 0; path = "netflix-clone.app"; sourceTree = BUILT_PRODUCTS_DIR; };
		F10497C8285AF4AB00E7EDB5 /* macOS.entitlements */ = {isa = PBXFileReference; lastKnownFileType = text.plist.entitlements; path = macOS.entitlements; sourceTree = "<group>"; };
		F10497D8285B0CD400E7EDB5 /* HomeView.swift */ = {isa = PBXFileReference; lastKnownFileType = sourcecode.swift; path = HomeView.swift; sourceTree = "<group>"; };
		F10497DD285B194900E7EDB5 /* Movie.swift */ = {isa = PBXFileReference; lastKnownFileType = sourcecode.swift; path = Movie.swift; sourceTree = "<group>"; };
		F10497DF285B1A3F00E7EDB5 /* StandardHomeView.swift */ = {isa = PBXFileReference; lastKnownFileType = sourcecode.swift; path = StandardHomeView.swift; sourceTree = "<group>"; };
		F10497E1285B1B2700E7EDB5 /* GlobalHelpers.swift */ = {isa = PBXFileReference; lastKnownFileType = sourcecode.swift; path = GlobalHelpers.swift; sourceTree = "<group>"; };
		F10497E4285C53B900E7EDB5 /* HomeViewModel.swift */ = {isa = PBXFileReference; lastKnownFileType = sourcecode.swift; path = HomeViewModel.swift; sourceTree = "<group>"; };
		F10497E6285C69D000E7EDB5 /* TopMoviePreview.swift */ = {isa = PBXFileReference; lastKnownFileType = sourcecode.swift; path = TopMoviePreview.swift; sourceTree = "<group>"; };
		F1D54A07285DCA3A00A84C84 /* SmallVerticalButton.swift */ = {isa = PBXFileReference; lastKnownFileType = sourcecode.swift; path = SmallVerticalButton.swift; sourceTree = "<group>"; };
/* End PBXFileReference section */

/* Begin PBXFrameworksBuildPhase section */
		BBBCFA6F28CF1BAD00459CAE /* Frameworks */ = {
			isa = PBXFrameworksBuildPhase;
			buildActionMask = 2147483647;
			files = (
			);
			runOnlyForDeploymentPostprocessing = 0;
		};
		F10497BD285AF4AB00E7EDB5 /* Frameworks */ = {
			isa = PBXFrameworksBuildPhase;
			buildActionMask = 2147483647;
			files = (
				F10497DC285B0DE400E7EDB5 /* Kingfisher in Frameworks */,
			);
			runOnlyForDeploymentPostprocessing = 0;
		};
		F10497C3285AF4AB00E7EDB5 /* Frameworks */ = {
			isa = PBXFrameworksBuildPhase;
			buildActionMask = 2147483647;
			files = (
			);
			runOnlyForDeploymentPostprocessing = 0;
		};
/* End PBXFrameworksBuildPhase section */

/* Begin PBXGroup section */
		BBBCFA7328CF1BAD00459CAE /* netflix-cloneTests */ = {
			isa = PBXGroup;
			children = (
				BBBCFA7428CF1BAD00459CAE /* netflix_cloneTests.swift */,
			);
			path = "netflix-cloneTests";
			sourceTree = "<group>";
		};
		F10497B3285AF4A900E7EDB5 = {
			isa = PBXGroup;
			children = (
				F10497B8285AF4A900E7EDB5 /* Shared */,
				F10497D7285B0CC300E7EDB5 /* iOS */,
				F10497C7285AF4AB00E7EDB5 /* macOS */,
				BBBCFA7328CF1BAD00459CAE /* netflix-cloneTests */,
				F10497C1285AF4AB00E7EDB5 /* Products */,
			);
			sourceTree = "<group>";
		};
		F10497B8285AF4A900E7EDB5 /* Shared */ = {
			isa = PBXGroup;
			children = (
				F10497B9285AF4A900E7EDB5 /* netflix_cloneApp.swift */,
				F10497BA285AF4A900E7EDB5 /* ContentView.swift */,
				F10497BB285AF4AB00E7EDB5 /* Assets.xcassets */,
				F1D54A0B285DD2F700A84C84 /* Domain */,
				F1D54A0A285DD2EC00A84C84 /* Helpers */,
			);
			path = Shared;
			sourceTree = "<group>";
		};
		F10497C1285AF4AB00E7EDB5 /* Products */ = {
			isa = PBXGroup;
			children = (
				F10497C0285AF4AB00E7EDB5 /* netflix-clone.app */,
				F10497C6285AF4AB00E7EDB5 /* netflix-clone.app */,
				BBBCFA7228CF1BAD00459CAE /* netflix-cloneTests.xctest */,
			);
			name = Products;
			sourceTree = "<group>";
		};
		F10497C7285AF4AB00E7EDB5 /* macOS */ = {
			isa = PBXGroup;
			children = (
				F10497C8285AF4AB00E7EDB5 /* macOS.entitlements */,
			);
			path = macOS;
			sourceTree = "<group>";
		};
		F10497D7285B0CC300E7EDB5 /* iOS */ = {
			isa = PBXGroup;
			children = (
				F1D54A09285DD2DE00A84C84 /* View */,
			);
			path = iOS;
			sourceTree = "<group>";
		};
		F10497E3285C53A900E7EDB5 /* Home */ = {
			isa = PBXGroup;
			children = (
				F10497D8285B0CD400E7EDB5 /* HomeView.swift */,
				F10497E4285C53B900E7EDB5 /* HomeViewModel.swift */,
				F10497E6285C69D000E7EDB5 /* TopMoviePreview.swift */,
			);
			path = Home;
			sourceTree = "<group>";
		};
		F1D54A09285DD2DE00A84C84 /* View */ = {
			isa = PBXGroup;
			children = (
				F1D54A0D285DD30F00A84C84 /* Components */,
				F10497E3285C53A900E7EDB5 /* Home */,
			);
			path = View;
			sourceTree = "<group>";
		};
		F1D54A0A285DD2EC00A84C84 /* Helpers */ = {
			isa = PBXGroup;
			children = (
				F10497E1285B1B2700E7EDB5 /* GlobalHelpers.swift */,
			);
			path = Helpers;
			sourceTree = "<group>";
		};
		F1D54A0B285DD2F700A84C84 /* Domain */ = {
			isa = PBXGroup;
			children = (
				F1D54A0C285DD2FA00A84C84 /* Entities */,
			);
			path = Domain;
			sourceTree = "<group>";
		};
		F1D54A0C285DD2FA00A84C84 /* Entities */ = {
			isa = PBXGroup;
			children = (
				F10497DD285B194900E7EDB5 /* Movie.swift */,
			);
			path = Entities;
			sourceTree = "<group>";
		};
		F1D54A0D285DD30F00A84C84 /* Components */ = {
			isa = PBXGroup;
			children = (
				F1D54A07285DCA3A00A84C84 /* SmallVerticalButton.swift */,
				F10497DF285B1A3F00E7EDB5 /* StandardHomeView.swift */,
			);
			path = Components;
			sourceTree = "<group>";
		};
/* End PBXGroup section */

/* Begin PBXNativeTarget section */
		BBBCFA7128CF1BAD00459CAE /* netflix-cloneTests */ = {
			isa = PBXNativeTarget;
			buildConfigurationList = BBBCFA7A28CF1BAD00459CAE /* Build configuration list for PBXNativeTarget "netflix-cloneTests" */;
			buildPhases = (
				BBBCFA6E28CF1BAD00459CAE /* Sources */,
				BBBCFA6F28CF1BAD00459CAE /* Frameworks */,
				BBBCFA7028CF1BAD00459CAE /* Resources */,
			);
			buildRules = (
			);
			dependencies = (
				BBBCFA7728CF1BAD00459CAE /* PBXTargetDependency */,
			);
			name = "netflix-cloneTests";
			productName = "netflix-cloneTests";
			productReference = BBBCFA7228CF1BAD00459CAE /* netflix-cloneTests.xctest */;
			productType = "com.apple.product-type.bundle.unit-test";
		};
		F10497BF285AF4AB00E7EDB5 /* netflix-clone_iOS */ = {
			isa = PBXNativeTarget;
			buildConfigurationList = F10497D1285AF4AB00E7EDB5 /* Build configuration list for PBXNativeTarget "netflix-clone_iOS" */;
			buildPhases = (
				F10497BC285AF4AB00E7EDB5 /* Sources */,
				F10497BD285AF4AB00E7EDB5 /* Frameworks */,
				F10497BE285AF4AB00E7EDB5 /* Resources */,
			);
			buildRules = (
			);
			dependencies = (
			);
			name = "netflix-clone_iOS";
			packageProductDependencies = (
				F10497DB285B0DE400E7EDB5 /* Kingfisher */,
			);
			productName = "netflix-clone (iOS)";
			productReference = F10497C0285AF4AB00E7EDB5 /* netflix-clone.app */;
			productType = "com.apple.product-type.application";
		};
		F10497C5285AF4AB00E7EDB5 /* netflix-clone_macOS */ = {
			isa = PBXNativeTarget;
			buildConfigurationList = F10497D4285AF4AB00E7EDB5 /* Build configuration list for PBXNativeTarget "netflix-clone_macOS" */;
			buildPhases = (
				F10497C2285AF4AB00E7EDB5 /* Sources */,
				F10497C3285AF4AB00E7EDB5 /* Frameworks */,
				F10497C4285AF4AB00E7EDB5 /* Resources */,
			);
			buildRules = (
			);
			dependencies = (
			);
			name = "netflix-clone_macOS";
			productName = "netflix-clone (macOS)";
			productReference = F10497C6285AF4AB00E7EDB5 /* netflix-clone.app */;
			productType = "com.apple.product-type.application";
		};
/* End PBXNativeTarget section */

/* Begin PBXProject section */
		F10497B4285AF4A900E7EDB5 /* Project object */ = {
			isa = PBXProject;
			attributes = {
				BuildIndependentTargetsInParallel = 1;
				LastSwiftUpdateCheck = 1340;
				LastUpgradeCheck = 1340;
				TargetAttributes = {
					BBBCFA7128CF1BAD00459CAE = {
						CreatedOnToolsVersion = 13.4.1;
						TestTargetID = F10497BF285AF4AB00E7EDB5;
					};
					F10497BF285AF4AB00E7EDB5 = {
						CreatedOnToolsVersion = 13.4.1;
					};
					F10497C5285AF4AB00E7EDB5 = {
						CreatedOnToolsVersion = 13.4.1;
					};
				};
			};
			buildConfigurationList = F10497B7285AF4A900E7EDB5 /* Build configuration list for PBXProject "netflix-clone" */;
			compatibilityVersion = "Xcode 13.0";
			developmentRegion = en;
			hasScannedForEncodings = 0;
			knownRegions = (
				en,
				Base,
			);
			mainGroup = F10497B3285AF4A900E7EDB5;
			packageReferences = (
				F10497DA285B0DE400E7EDB5 /* XCRemoteSwiftPackageReference "Kingfisher" */,
			);
			productRefGroup = F10497C1285AF4AB00E7EDB5 /* Products */;
			projectDirPath = "";
			projectRoot = "";
			targets = (
				F10497BF285AF4AB00E7EDB5 /* netflix-clone_iOS */,
				F10497C5285AF4AB00E7EDB5 /* netflix-clone_macOS */,
				BBBCFA7128CF1BAD00459CAE /* netflix-cloneTests */,
			);
		};
/* End PBXProject section */

/* Begin PBXResourcesBuildPhase section */
		BBBCFA7028CF1BAD00459CAE /* Resources */ = {
			isa = PBXResourcesBuildPhase;
			buildActionMask = 2147483647;
			files = (
			);
			runOnlyForDeploymentPostprocessing = 0;
		};
		F10497BE285AF4AB00E7EDB5 /* Resources */ = {
			isa = PBXResourcesBuildPhase;
			buildActionMask = 2147483647;
			files = (
				F10497CD285AF4AB00E7EDB5 /* Assets.xcassets in Resources */,
			);
			runOnlyForDeploymentPostprocessing = 0;
		};
		F10497C4285AF4AB00E7EDB5 /* Resources */ = {
			isa = PBXResourcesBuildPhase;
			buildActionMask = 2147483647;
			files = (
				F10497CE285AF4AB00E7EDB5 /* Assets.xcassets in Resources */,
			);
			runOnlyForDeploymentPostprocessing = 0;
		};
/* End PBXResourcesBuildPhase section */

/* Begin PBXSourcesBuildPhase section */
		BBBCFA6E28CF1BAD00459CAE /* Sources */ = {
			isa = PBXSourcesBuildPhase;
			buildActionMask = 2147483647;
			files = (
				BBBCFA7528CF1BAD00459CAE /* netflix_cloneTests.swift in Sources */,
			);
			runOnlyForDeploymentPostprocessing = 0;
		};
		F10497BC285AF4AB00E7EDB5 /* Sources */ = {
			isa = PBXSourcesBuildPhase;
			buildActionMask = 2147483647;
			files = (
				F10497E2285B1B2700E7EDB5 /* GlobalHelpers.swift in Sources */,
				F10497E0285B1A3F00E7EDB5 /* StandardHomeView.swift in Sources */,
				F10497E5285C53B900E7EDB5 /* HomeViewModel.swift in Sources */,
				F10497D9285B0CD400E7EDB5 /* HomeView.swift in Sources */,
				F10497CB285AF4AB00E7EDB5 /* ContentView.swift in Sources */,
				F10497E7285C69D000E7EDB5 /* TopMoviePreview.swift in Sources */,
				F10497DE285B194900E7EDB5 /* Movie.swift in Sources */,
				F10497C9285AF4AB00E7EDB5 /* netflix_cloneApp.swift in Sources */,
				F1D54A08285DCA3A00A84C84 /* SmallVerticalButton.swift in Sources */,
			);
			runOnlyForDeploymentPostprocessing = 0;
		};
		F10497C2285AF4AB00E7EDB5 /* Sources */ = {
			isa = PBXSourcesBuildPhase;
			buildActionMask = 2147483647;
			files = (
				F10497CC285AF4AB00E7EDB5 /* ContentView.swift in Sources */,
				F10497CA285AF4AB00E7EDB5 /* netflix_cloneApp.swift in Sources */,
			);
			runOnlyForDeploymentPostprocessing = 0;
		};
/* End PBXSourcesBuildPhase section */

/* Begin PBXTargetDependency section */
		BBBCFA7728CF1BAD00459CAE /* PBXTargetDependency */ = {
			isa = PBXTargetDependency;
			target = F10497BF285AF4AB00E7EDB5 /* netflix-clone_iOS */;
			targetProxy = BBBCFA7628CF1BAD00459CAE /* PBXContainerItemProxy */;
		};
/* End PBXTargetDependency section */

/* Begin XCBuildConfiguration section */
		BBBCFA7828CF1BAD00459CAE /* Debug */ = {
			isa = XCBuildConfiguration;
			buildSettings = {
				BUNDLE_LOADER = "$(TEST_HOST)";
				CODE_SIGN_STYLE = Automatic;
				CURRENT_PROJECT_VERSION = 1;
				GENERATE_INFOPLIST_FILE = YES;
				IPHONEOS_DEPLOYMENT_TARGET = 15.5;
				MARKETING_VERSION = 1.0;
				PRODUCT_BUNDLE_IDENTIFIER = "com.joelkingsler.netflix-cloneTests";
				PRODUCT_NAME = "$(TARGET_NAME)";
				SDKROOT = iphoneos;
				SWIFT_EMIT_LOC_STRINGS = NO;
				SWIFT_VERSION = 5.0;
				TARGETED_DEVICE_FAMILY = "1,2";
				TEST_HOST = "$(BUILT_PRODUCTS_DIR)/netflix-clone.app/netflix-clone";
			};
			name = Debug;
		};
		BBBCFA7928CF1BAD00459CAE /* Release */ = {
			isa = XCBuildConfiguration;
			buildSettings = {
				BUNDLE_LOADER = "$(TEST_HOST)";
				CODE_SIGN_STYLE = Automatic;
				CURRENT_PROJECT_VERSION = 1;
				GENERATE_INFOPLIST_FILE = YES;
				IPHONEOS_DEPLOYMENT_TARGET = 15.5;
				MARKETING_VERSION = 1.0;
				PRODUCT_BUNDLE_IDENTIFIER = "com.joelkingsler.netflix-cloneTests";
				PRODUCT_NAME = "$(TARGET_NAME)";
				SDKROOT = iphoneos;
				SWIFT_EMIT_LOC_STRINGS = NO;
				SWIFT_VERSION = 5.0;
				TARGETED_DEVICE_FAMILY = "1,2";
				TEST_HOST = "$(BUILT_PRODUCTS_DIR)/netflix-clone.app/netflix-clone";
				VALIDATE_PRODUCT = YES;
			};
			name = Release;
		};
		F10497CF285AF4AB00E7EDB5 /* Debug */ = {
			isa = XCBuildConfiguration;
			buildSettings = {
				ALWAYS_SEARCH_USER_PATHS = NO;
				CLANG_ANALYZER_NONNULL = YES;
				CLANG_ANALYZER_NUMBER_OBJECT_CONVERSION = YES_AGGRESSIVE;
				CLANG_CXX_LANGUAGE_STANDARD = "gnu++17";
				CLANG_ENABLE_MODULES = YES;
				CLANG_ENABLE_OBJC_ARC = YES;
				CLANG_ENABLE_OBJC_WEAK = YES;
				CLANG_WARN_BLOCK_CAPTURE_AUTORELEASING = YES;
				CLANG_WARN_BOOL_CONVERSION = YES;
				CLANG_WARN_COMMA = YES;
				CLANG_WARN_CONSTANT_CONVERSION = YES;
				CLANG_WARN_DEPRECATED_OBJC_IMPLEMENTATIONS = YES;
				CLANG_WARN_DIRECT_OBJC_ISA_USAGE = YES_ERROR;
				CLANG_WARN_DOCUMENTATION_COMMENTS = YES;
				CLANG_WARN_EMPTY_BODY = YES;
				CLANG_WARN_ENUM_CONVERSION = YES;
				CLANG_WARN_INFINITE_RECURSION = YES;
				CLANG_WARN_INT_CONVERSION = YES;
				CLANG_WARN_NON_LITERAL_NULL_CONVERSION = YES;
				CLANG_WARN_OBJC_IMPLICIT_RETAIN_SELF = YES;
				CLANG_WARN_OBJC_LITERAL_CONVERSION = YES;
				CLANG_WARN_OBJC_ROOT_CLASS = YES_ERROR;
				CLANG_WARN_QUOTED_INCLUDE_IN_FRAMEWORK_HEADER = YES;
				CLANG_WARN_RANGE_LOOP_ANALYSIS = YES;
				CLANG_WARN_STRICT_PROTOTYPES = YES;
				CLANG_WARN_SUSPICIOUS_MOVE = YES;
				CLANG_WARN_UNGUARDED_AVAILABILITY = YES_AGGRESSIVE;
				CLANG_WARN_UNREACHABLE_CODE = YES;
				CLANG_WARN__DUPLICATE_METHOD_MATCH = YES;
				COPY_PHASE_STRIP = NO;
				DEBUG_INFORMATION_FORMAT = dwarf;
				ENABLE_STRICT_OBJC_MSGSEND = YES;
				ENABLE_TESTABILITY = YES;
				GCC_C_LANGUAGE_STANDARD = gnu11;
				GCC_DYNAMIC_NO_PIC = NO;
				GCC_NO_COMMON_BLOCKS = YES;
				GCC_OPTIMIZATION_LEVEL = 0;
				GCC_PREPROCESSOR_DEFINITIONS = (
					"DEBUG=1",
					"$(inherited)",
				);
				GCC_WARN_64_TO_32_BIT_CONVERSION = YES;
				GCC_WARN_ABOUT_RETURN_TYPE = YES_ERROR;
				GCC_WARN_UNDECLARED_SELECTOR = YES;
				GCC_WARN_UNINITIALIZED_AUTOS = YES_AGGRESSIVE;
				GCC_WARN_UNUSED_FUNCTION = YES;
				GCC_WARN_UNUSED_VARIABLE = YES;
				MTL_ENABLE_DEBUG_INFO = INCLUDE_SOURCE;
				MTL_FAST_MATH = YES;
				ONLY_ACTIVE_ARCH = YES;
				SWIFT_ACTIVE_COMPILATION_CONDITIONS = DEBUG;
				SWIFT_OPTIMIZATION_LEVEL = "-Onone";
			};
			name = Debug;
		};
		F10497D0285AF4AB00E7EDB5 /* Release */ = {
			isa = XCBuildConfiguration;
			buildSettings = {
				ALWAYS_SEARCH_USER_PATHS = NO;
				CLANG_ANALYZER_NONNULL = YES;
				CLANG_ANALYZER_NUMBER_OBJECT_CONVERSION = YES_AGGRESSIVE;
				CLANG_CXX_LANGUAGE_STANDARD = "gnu++17";
				CLANG_ENABLE_MODULES = YES;
				CLANG_ENABLE_OBJC_ARC = YES;
				CLANG_ENABLE_OBJC_WEAK = YES;
				CLANG_WARN_BLOCK_CAPTURE_AUTORELEASING = YES;
				CLANG_WARN_BOOL_CONVERSION = YES;
				CLANG_WARN_COMMA = YES;
				CLANG_WARN_CONSTANT_CONVERSION = YES;
				CLANG_WARN_DEPRECATED_OBJC_IMPLEMENTATIONS = YES;
				CLANG_WARN_DIRECT_OBJC_ISA_USAGE = YES_ERROR;
				CLANG_WARN_DOCUMENTATION_COMMENTS = YES;
				CLANG_WARN_EMPTY_BODY = YES;
				CLANG_WARN_ENUM_CONVERSION = YES;
				CLANG_WARN_INFINITE_RECURSION = YES;
				CLANG_WARN_INT_CONVERSION = YES;
				CLANG_WARN_NON_LITERAL_NULL_CONVERSION = YES;
				CLANG_WARN_OBJC_IMPLICIT_RETAIN_SELF = YES;
				CLANG_WARN_OBJC_LITERAL_CONVERSION = YES;
				CLANG_WARN_OBJC_ROOT_CLASS = YES_ERROR;
				CLANG_WARN_QUOTED_INCLUDE_IN_FRAMEWORK_HEADER = YES;
				CLANG_WARN_RANGE_LOOP_ANALYSIS = YES;
				CLANG_WARN_STRICT_PROTOTYPES = YES;
				CLANG_WARN_SUSPICIOUS_MOVE = YES;
				CLANG_WARN_UNGUARDED_AVAILABILITY = YES_AGGRESSIVE;
				CLANG_WARN_UNREACHABLE_CODE = YES;
				CLANG_WARN__DUPLICATE_METHOD_MATCH = YES;
				COPY_PHASE_STRIP = NO;
				DEBUG_INFORMATION_FORMAT = "dwarf-with-dsym";
				ENABLE_NS_ASSERTIONS = NO;
				ENABLE_STRICT_OBJC_MSGSEND = YES;
				GCC_C_LANGUAGE_STANDARD = gnu11;
				GCC_NO_COMMON_BLOCKS = YES;
				GCC_WARN_64_TO_32_BIT_CONVERSION = YES;
				GCC_WARN_ABOUT_RETURN_TYPE = YES_ERROR;
				GCC_WARN_UNDECLARED_SELECTOR = YES;
				GCC_WARN_UNINITIALIZED_AUTOS = YES_AGGRESSIVE;
				GCC_WARN_UNUSED_FUNCTION = YES;
				GCC_WARN_UNUSED_VARIABLE = YES;
				MTL_ENABLE_DEBUG_INFO = NO;
				MTL_FAST_MATH = YES;
				SWIFT_COMPILATION_MODE = wholemodule;
				SWIFT_OPTIMIZATION_LEVEL = "-O";
			};
			name = Release;
		};
		F10497D2285AF4AB00E7EDB5 /* Debug */ = {
			isa = XCBuildConfiguration;
			buildSettings = {
				ASSETCATALOG_COMPILER_APPICON_NAME = AppIcon;
				ASSETCATALOG_COMPILER_GLOBAL_ACCENT_COLOR_NAME = AccentColor;
				CODE_SIGN_STYLE = Automatic;
				CURRENT_PROJECT_VERSION = 1;
				DEVELOPMENT_TEAM = A5U7V8A368;
				ENABLE_PREVIEWS = YES;
				GENERATE_INFOPLIST_FILE = YES;
				INFOPLIST_KEY_UIApplicationSceneManifest_Generation = YES;
				INFOPLIST_KEY_UIApplicationSupportsIndirectInputEvents = YES;
				INFOPLIST_KEY_UILaunchScreen_Generation = YES;
				INFOPLIST_KEY_UISupportedInterfaceOrientations_iPad = "UIInterfaceOrientationPortrait UIInterfaceOrientationPortraitUpsideDown UIInterfaceOrientationLandscapeLeft UIInterfaceOrientationLandscapeRight";
				INFOPLIST_KEY_UISupportedInterfaceOrientations_iPhone = "UIInterfaceOrientationPortrait UIInterfaceOrientationLandscapeLeft UIInterfaceOrientationLandscapeRight";
				IPHONEOS_DEPLOYMENT_TARGET = 15.5;
				LD_RUNPATH_SEARCH_PATHS = (
					"$(inherited)",
					"@executable_path/Frameworks",
				);
				MARKETING_VERSION = 1.0;
				PRODUCT_BUNDLE_IDENTIFIER = "com.joelkingsler.netflix-clone";
				PRODUCT_NAME = "netflix-clone";
				SDKROOT = iphoneos;
				SWIFT_EMIT_LOC_STRINGS = YES;
				SWIFT_VERSION = 5.0;
				TARGETED_DEVICE_FAMILY = "1,2";
			};
			name = Debug;
		};
		F10497D3285AF4AB00E7EDB5 /* Release */ = {
			isa = XCBuildConfiguration;
			buildSettings = {
				ASSETCATALOG_COMPILER_APPICON_NAME = AppIcon;
				ASSETCATALOG_COMPILER_GLOBAL_ACCENT_COLOR_NAME = AccentColor;
				CODE_SIGN_STYLE = Automatic;
				CURRENT_PROJECT_VERSION = 1;
				DEVELOPMENT_TEAM = A5U7V8A368;
				ENABLE_PREVIEWS = YES;
				GENERATE_INFOPLIST_FILE = YES;
				INFOPLIST_KEY_UIApplicationSceneManifest_Generation = YES;
				INFOPLIST_KEY_UIApplicationSupportsIndirectInputEvents = YES;
				INFOPLIST_KEY_UILaunchScreen_Generation = YES;
				INFOPLIST_KEY_UISupportedInterfaceOrientations_iPad = "UIInterfaceOrientationPortrait UIInterfaceOrientationPortraitUpsideDown UIInterfaceOrientationLandscapeLeft UIInterfaceOrientationLandscapeRight";
				INFOPLIST_KEY_UISupportedInterfaceOrientations_iPhone = "UIInterfaceOrientationPortrait UIInterfaceOrientationLandscapeLeft UIInterfaceOrientationLandscapeRight";
				IPHONEOS_DEPLOYMENT_TARGET = 15.5;
				LD_RUNPATH_SEARCH_PATHS = (
					"$(inherited)",
					"@executable_path/Frameworks",
				);
				MARKETING_VERSION = 1.0;
				PRODUCT_BUNDLE_IDENTIFIER = "com.joelkingsler.netflix-clone";
				PRODUCT_NAME = "netflix-clone";
				SDKROOT = iphoneos;
				SWIFT_EMIT_LOC_STRINGS = YES;
				SWIFT_VERSION = 5.0;
				TARGETED_DEVICE_FAMILY = "1,2";
				VALIDATE_PRODUCT = YES;
			};
			name = Release;
		};
		F10497D5285AF4AB00E7EDB5 /* Debug */ = {
			isa = XCBuildConfiguration;
			buildSettings = {
				ASSETCATALOG_COMPILER_APPICON_NAME = AppIcon;
				ASSETCATALOG_COMPILER_GLOBAL_ACCENT_COLOR_NAME = AccentColor;
				CODE_SIGN_ENTITLEMENTS = macOS/macOS.entitlements;
				CODE_SIGN_STYLE = Automatic;
				COMBINE_HIDPI_IMAGES = YES;
				CURRENT_PROJECT_VERSION = 1;
				DEVELOPMENT_TEAM = A5U7V8A368;
				ENABLE_HARDENED_RUNTIME = YES;
				ENABLE_PREVIEWS = YES;
				GENERATE_INFOPLIST_FILE = YES;
				INFOPLIST_KEY_NSHumanReadableCopyright = "";
				LD_RUNPATH_SEARCH_PATHS = (
					"$(inherited)",
					"@executable_path/../Frameworks",
				);
				MACOSX_DEPLOYMENT_TARGET = 12.0;
				MARKETING_VERSION = 1.0;
				PRODUCT_BUNDLE_IDENTIFIER = "com.joelkingsler.netflix-clone";
				PRODUCT_NAME = "netflix-clone";
				SDKROOT = macosx;
				SWIFT_EMIT_LOC_STRINGS = YES;
				SWIFT_VERSION = 5.0;
			};
			name = Debug;
		};
		F10497D6285AF4AB00E7EDB5 /* Release */ = {
			isa = XCBuildConfiguration;
			buildSettings = {
				ASSETCATALOG_COMPILER_APPICON_NAME = AppIcon;
				ASSETCATALOG_COMPILER_GLOBAL_ACCENT_COLOR_NAME = AccentColor;
				CODE_SIGN_ENTITLEMENTS = macOS/macOS.entitlements;
				CODE_SIGN_STYLE = Automatic;
				COMBINE_HIDPI_IMAGES = YES;
				CURRENT_PROJECT_VERSION = 1;
				DEVELOPMENT_TEAM = A5U7V8A368;
				ENABLE_HARDENED_RUNTIME = YES;
				ENABLE_PREVIEWS = YES;
				GENERATE_INFOPLIST_FILE = YES;
				INFOPLIST_KEY_NSHumanReadableCopyright = "";
				LD_RUNPATH_SEARCH_PATHS = (
					"$(inherited)",
					"@executable_path/../Frameworks",
				);
				MACOSX_DEPLOYMENT_TARGET = 12.0;
				MARKETING_VERSION = 1.0;
				PRODUCT_BUNDLE_IDENTIFIER = "com.joelkingsler.netflix-clone";
				PRODUCT_NAME = "netflix-clone";
				SDKROOT = macosx;
				SWIFT_EMIT_LOC_STRINGS = YES;
				SWIFT_VERSION = 5.0;
			};
			name = Release;
		};
/* End XCBuildConfiguration section */

/* Begin XCConfigurationList section */
		BBBCFA7A28CF1BAD00459CAE /* Build configuration list for PBXNativeTarget "netflix-cloneTests" */ = {
			isa = XCConfigurationList;
			buildConfigurations = (
				BBBCFA7828CF1BAD00459CAE /* Debug */,
				BBBCFA7928CF1BAD00459CAE /* Release */,
			);
			defaultConfigurationIsVisible = 0;
			defaultConfigurationName = Release;
		};
		F10497B7285AF4A900E7EDB5 /* Build configuration list for PBXProject "netflix-clone" */ = {
			isa = XCConfigurationList;
			buildConfigurations = (
				F10497CF285AF4AB00E7EDB5 /* Debug */,
				F10497D0285AF4AB00E7EDB5 /* Release */,
			);
			defaultConfigurationIsVisible = 0;
			defaultConfigurationName = Release;
		};
		F10497D1285AF4AB00E7EDB5 /* Build configuration list for PBXNativeTarget "netflix-clone_iOS" */ = {
			isa = XCConfigurationList;
			buildConfigurations = (
				F10497D2285AF4AB00E7EDB5 /* Debug */,
				F10497D3285AF4AB00E7EDB5 /* Release */,
			);
			defaultConfigurationIsVisible = 0;
			defaultConfigurationName = Release;
		};
		F10497D4285AF4AB00E7EDB5 /* Build configuration list for PBXNativeTarget "netflix-clone_macOS" */ = {
			isa = XCConfigurationList;
			buildConfigurations = (
				F10497D5285AF4AB00E7EDB5 /* Debug */,
				F10497D6285AF4AB00E7EDB5 /* Release */,
			);
			defaultConfigurationIsVisible = 0;
			defaultConfigurationName = Release;
		};
/* End XCConfigurationList section */

/* Begin XCRemoteSwiftPackageReference section */
		F10497DA285B0DE400E7EDB5 /* XCRemoteSwiftPackageReference "Kingfisher" */ = {
			isa = XCRemoteSwiftPackageReference;
			repositoryURL = "https://github.com/onevcat/Kingfisher.git";
			requirement = {
				kind = upToNextMajorVersion;
				minimumVersion = 7.0.0;
			};
		};
/* End XCRemoteSwiftPackageReference section */

/* Begin XCSwiftPackageProductDependency section */
		F10497DB285B0DE400E7EDB5 /* Kingfisher */ = {
			isa = XCSwiftPackageProductDependency;
			package = F10497DA285B0DE400E7EDB5 /* XCRemoteSwiftPackageReference "Kingfisher" */;
			productName = Kingfisher;
		};
/* End XCSwiftPackageProductDependency section */
	};
	rootObject = F10497B4285AF4A900E7EDB5 /* Project object */;
}
